
Microsoft Visual Studio Solution File, Format Version 12.00
# Visual Studio 15
VisualStudioVersion = 15.0.27703.2047
MinimumVisualStudioVersion = 10.0.40219.1
Project("{FAE04EC0-301F-11D3-BF4B-00C04F79EFBC}") = "comeOnplzWork", "comeOnplzWork\comeOnplzWork.csproj", "{C845AD1E-872E-4DB2-8BAE-030D01C5CDF8}"
EndProject
Global
	GlobalSection(SolutionConfigurationPlatforms) = preSolution
		Debug|Any CPU = Debug|Any CPU
		Release|Any CPU = Release|Any CPU
	EndGlobalSection
	GlobalSection(ProjectConfigurationPlatforms) = postSolution
		{C845AD1E-872E-4DB2-8BAE-030D01C5CDF8}.Debug|Any CPU.ActiveCfg = Debug|Any CPU
		{C845AD1E-872E-4DB2-8BAE-030D01C5CDF8}.Debug|Any CPU.Build.0 = Debug|Any CPU
		{C845AD1E-872E-4DB2-8BAE-030D01C5CDF8}.Release|Any CPU.ActiveCfg = Release|Any CPU
		{C845AD1E-872E-4DB2-8BAE-030D01C5CDF8}.Release|Any CPU.Build.0 = Release|Any CPU
	EndGlobalSection
	GlobalSection(SolutionProperties) = preSolution
		HideSolutionNode = FALSE
	EndGlobalSection
	GlobalSection(ExtensibilityGlobals) = postSolution
		SolutionGuid = {17DC88F6-F1A4-4F47-9A58-4C222BFF15BD}
	EndGlobalSection
EndGlobal
